// !$*UTF8*$!
{
	archiveVersion = 1;
	classes = {
	};
	objectVersion = 51;
	objects = {

/* Begin PBXBuildFile section */
		1A120A2B22DF1E8500578644 /* AppDelegate.swift in Sources */ = {isa = PBXBuildFile; fileRef = 1A120A2A22DF1E8500578644 /* AppDelegate.swift */; };
		1A120A2D22DF1E8500578644 /* HomeViewController.swift in Sources */ = {isa = PBXBuildFile; fileRef = 1A120A2C22DF1E8500578644 /* HomeViewController.swift */; };
		1A120A3022DF1E8500578644 /* Main.storyboard in Resources */ = {isa = PBXBuildFile; fileRef = 1A120A2E22DF1E8500578644 /* Main.storyboard */; };
		1A120A3222DF1E8700578644 /* Assets.xcassets in Resources */ = {isa = PBXBuildFile; fileRef = 1A120A3122DF1E8700578644 /* Assets.xcassets */; };
		1A120A3522DF1E8700578644 /* LaunchScreen.storyboard in Resources */ = {isa = PBXBuildFile; fileRef = 1A120A3322DF1E8700578644 /* LaunchScreen.storyboard */; };
		1A96465722E0B07F00AE2ED2 /* Constants.swift in Sources */ = {isa = PBXBuildFile; fileRef = 1A96465622E0B07F00AE2ED2 /* Constants.swift */; };
		1A96465A22E0B33200AE2ED2 /* GetData.swift in Sources */ = {isa = PBXBuildFile; fileRef = 1A96465922E0B33200AE2ED2 /* GetData.swift */; };
		1A96465C22E0BBFE00AE2ED2 /* Messages.swift in Sources */ = {isa = PBXBuildFile; fileRef = 1A96465B22E0BBFE00AE2ED2 /* Messages.swift */; };
		1A96465E22E0BDDC00AE2ED2 /* Message.swift in Sources */ = {isa = PBXBuildFile; fileRef = 1A96465D22E0BDDC00AE2ED2 /* Message.swift */; };
		96516EB4D4991953147A6CA3 /* Pods_VisualisingMessages.framework in Frameworks */ = {isa = PBXBuildFile; fileRef = 8F7FEEECEA24319EB379114E /* Pods_VisualisingMessages.framework */; };
/* End PBXBuildFile section */

/* Begin PBXFileReference section */
		1A120A2722DF1E8500578644 /* VisualisingMessages.app */ = {isa = PBXFileReference; explicitFileType = wrapper.application; includeInIndex = 0; path = VisualisingMessages.app; sourceTree = BUILT_PRODUCTS_DIR; };
		1A120A2A22DF1E8500578644 /* AppDelegate.swift */ = {isa = PBXFileReference; lastKnownFileType = sourcecode.swift; path = AppDelegate.swift; sourceTree = "<group>"; };
		1A120A2C22DF1E8500578644 /* HomeViewController.swift */ = {isa = PBXFileReference; lastKnownFileType = sourcecode.swift; path = HomeViewController.swift; sourceTree = "<group>"; };
		1A120A2F22DF1E8500578644 /* Base */ = {isa = PBXFileReference; lastKnownFileType = file.storyboard; name = Base; path = Base.lproj/Main.storyboard; sourceTree = "<group>"; };
		1A120A3122DF1E8700578644 /* Assets.xcassets */ = {isa = PBXFileReference; lastKnownFileType = folder.assetcatalog; path = Assets.xcassets; sourceTree = "<group>"; };
		1A120A3422DF1E8700578644 /* Base */ = {isa = PBXFileReference; lastKnownFileType = file.storyboard; name = Base; path = Base.lproj/LaunchScreen.storyboard; sourceTree = "<group>"; };
		1A120A3622DF1E8700578644 /* Info.plist */ = {isa = PBXFileReference; lastKnownFileType = text.plist.xml; path = Info.plist; sourceTree = "<group>"; };
		1A96465622E0B07F00AE2ED2 /* Constants.swift */ = {isa = PBXFileReference; lastKnownFileType = sourcecode.swift; path = Constants.swift; sourceTree = "<group>"; };
		1A96465922E0B33200AE2ED2 /* GetData.swift */ = {isa = PBXFileReference; lastKnownFileType = sourcecode.swift; path = GetData.swift; sourceTree = "<group>"; };
		1A96465B22E0BBFE00AE2ED2 /* Messages.swift */ = {isa = PBXFileReference; lastKnownFileType = sourcecode.swift; path = Messages.swift; sourceTree = "<group>"; };
		1A96465D22E0BDDC00AE2ED2 /* Message.swift */ = {isa = PBXFileReference; lastKnownFileType = sourcecode.swift; path = Message.swift; sourceTree = "<group>"; };
		64A20CD49F6EFCEDBADF1C90 /* Pods-VisualisingMessages.release.xcconfig */ = {isa = PBXFileReference; includeInIndex = 1; lastKnownFileType = text.xcconfig; name = "Pods-VisualisingMessages.release.xcconfig"; path = "Target Support Files/Pods-VisualisingMessages/Pods-VisualisingMessages.release.xcconfig"; sourceTree = "<group>"; };
		8F7FEEECEA24319EB379114E /* Pods_VisualisingMessages.framework */ = {isa = PBXFileReference; explicitFileType = wrapper.framework; includeInIndex = 0; path = Pods_VisualisingMessages.framework; sourceTree = BUILT_PRODUCTS_DIR; };
		C9F0377D51F944F0A166202E /* Pods-VisualisingMessages.debug.xcconfig */ = {isa = PBXFileReference; includeInIndex = 1; lastKnownFileType = text.xcconfig; name = "Pods-VisualisingMessages.debug.xcconfig"; path = "Target Support Files/Pods-VisualisingMessages/Pods-VisualisingMessages.debug.xcconfig"; sourceTree = "<group>"; };
/* End PBXFileReference section */

/* Begin PBXFrameworksBuildPhase section */
		1A120A2422DF1E8500578644 /* Frameworks */ = {
			isa = PBXFrameworksBuildPhase;
			buildActionMask = 2147483647;
			files = (
				96516EB4D4991953147A6CA3 /* Pods_VisualisingMessages.framework in Frameworks */,
			);
			runOnlyForDeploymentPostprocessing = 0;
		};
/* End PBXFrameworksBuildPhase section */

/* Begin PBXGroup section */
		1A120A1E22DF1E8500578644 = {
			isa = PBXGroup;
			children = (
				1A120A2922DF1E8500578644 /* VisualisingMessages */,
				1A120A2822DF1E8500578644 /* Products */,
				CE6A9A75D0101FCD2B91D64A /* Pods */,
				BF605E131662A53187A699C5 /* Frameworks */,
			);
			sourceTree = "<group>";
		};
		1A120A2822DF1E8500578644 /* Products */ = {
			isa = PBXGroup;
			children = (
				1A120A2722DF1E8500578644 /* VisualisingMessages.app */,
			);
			name = Products;
			sourceTree = "<group>";
		};
		1A120A2922DF1E8500578644 /* VisualisingMessages */ = {
			isa = PBXGroup;
			children = (
				1A96465822E0B2FA00AE2ED2 /* Network */,
				1A120A3F22DF588600578644 /* Helpers */,
				1A120A3E22DF1FC400578644 /* Controller */,
				1A120A3D22DF1FBD00578644 /* View */,
				1A120A3C22DF1FB200578644 /* Modal */,
				1A120A2A22DF1E8500578644 /* AppDelegate.swift */,
				1A120A3122DF1E8700578644 /* Assets.xcassets */,
				1A120A3622DF1E8700578644 /* Info.plist */,
			);
			path = VisualisingMessages;
			sourceTree = "<group>";
		};
		1A120A3C22DF1FB200578644 /* Modal */ = {
			isa = PBXGroup;
			children = (
				1A96465B22E0BBFE00AE2ED2 /* Messages.swift */,
				1A96465D22E0BDDC00AE2ED2 /* Message.swift */,
			);
			path = Modal;
			sourceTree = "<group>";
		};
		1A120A3D22DF1FBD00578644 /* View */ = {
			isa = PBXGroup;
			children = (
				1A120A2E22DF1E8500578644 /* Main.storyboard */,
				1A120A3322DF1E8700578644 /* LaunchScreen.storyboard */,
			);
			path = View;
			sourceTree = "<group>";
		};
		1A120A3E22DF1FC400578644 /* Controller */ = {
			isa = PBXGroup;
			children = (
				1A120A2C22DF1E8500578644 /* HomeViewController.swift */,
			);
			path = Controller;
			sourceTree = "<group>";
		};
		1A120A3F22DF588600578644 /* Helpers */ = {
			isa = PBXGroup;
			children = (
				1A96465622E0B07F00AE2ED2 /* Constants.swift */,
			);
			path = Helpers;
			sourceTree = "<group>";
		};
		1A96465822E0B2FA00AE2ED2 /* Network */ = {
			isa = PBXGroup;
			children = (
				1A96465922E0B33200AE2ED2 /* GetData.swift */,
			);
			path = Network;
			sourceTree = "<group>";
		};
		BF605E131662A53187A699C5 /* Frameworks */ = {
			isa = PBXGroup;
			children = (
				8F7FEEECEA24319EB379114E /* Pods_VisualisingMessages.framework */,
			);
			name = Frameworks;
			sourceTree = "<group>";
		};
		CE6A9A75D0101FCD2B91D64A /* Pods */ = {
			isa = PBXGroup;
			children = (
				C9F0377D51F944F0A166202E /* Pods-VisualisingMessages.debug.xcconfig */,
				64A20CD49F6EFCEDBADF1C90 /* Pods-VisualisingMessages.release.xcconfig */,
			);
			path = Pods;
			sourceTree = "<group>";
		};
/* End PBXGroup section */

/* Begin PBXNativeTarget section */
		1A120A2622DF1E8500578644 /* VisualisingMessages */ = {
			isa = PBXNativeTarget;
			buildConfigurationList = 1A120A3922DF1E8700578644 /* Build configuration list for PBXNativeTarget "VisualisingMessages" */;
			buildPhases = (
				AC19C5BE5FFF43241C27AD0E /* [CP] Check Pods Manifest.lock */,
				1A120A2322DF1E8500578644 /* Sources */,
				1A120A2422DF1E8500578644 /* Frameworks */,
				1A120A2522DF1E8500578644 /* Resources */,
				2FE6E8EC1A2D8F577B9124D1 /* [CP] Copy Pods Resources */,
			);
			buildRules = (
			);
			dependencies = (
			);
			name = VisualisingMessages;
			productName = VisualisingMessages;
			productReference = 1A120A2722DF1E8500578644 /* VisualisingMessages.app */;
			productType = "com.apple.product-type.application";
		};
/* End PBXNativeTarget section */

/* Begin PBXProject section */
		1A120A1F22DF1E8500578644 /* Project object */ = {
			isa = PBXProject;
			attributes = {
				LastSwiftUpdateCheck = 1020;
				LastUpgradeCheck = 1020;
				ORGANIZATIONNAME = "Esraa Ragab";
				TargetAttributes = {
					1A120A2622DF1E8500578644 = {
						CreatedOnToolsVersion = 10.2.1;
					};
				};
			};
			buildConfigurationList = 1A120A2222DF1E8500578644 /* Build configuration list for PBXProject "VisualisingMessages" */;
			compatibilityVersion = "Xcode 9.3";
			developmentRegion = en;
			hasScannedForEncodings = 0;
			knownRegions = (
				en,
				Base,
			);
			mainGroup = 1A120A1E22DF1E8500578644;
			productRefGroup = 1A120A2822DF1E8500578644 /* Products */;
			projectDirPath = "";
			projectRoot = "";
			targets = (
				1A120A2622DF1E8500578644 /* VisualisingMessages */,
			);
		};
/* End PBXProject section */

/* Begin PBXResourcesBuildPhase section */
		1A120A2522DF1E8500578644 /* Resources */ = {
			isa = PBXResourcesBuildPhase;
			buildActionMask = 2147483647;
			files = (
				1A120A3522DF1E8700578644 /* LaunchScreen.storyboard in Resources */,
				1A120A3222DF1E8700578644 /* Assets.xcassets in Resources */,
				1A120A3022DF1E8500578644 /* Main.storyboard in Resources */,
			);
			runOnlyForDeploymentPostprocessing = 0;
		};
/* End PBXResourcesBuildPhase section */

/* Begin PBXShellScriptBuildPhase section */
		2FE6E8EC1A2D8F577B9124D1 /* [CP] Copy Pods Resources */ = {
			isa = PBXShellScriptBuildPhase;
			buildActionMask = 2147483647;
			files = (
			);
			inputFileListPaths = (
				"${PODS_ROOT}/Target Support Files/Pods-VisualisingMessages/Pods-VisualisingMessages-resources-${CONFIGURATION}-input-files.xcfilelist",
			);
			name = "[CP] Copy Pods Resources";
			outputFileListPaths = (
				"${PODS_ROOT}/Target Support Files/Pods-VisualisingMessages/Pods-VisualisingMessages-resources-${CONFIGURATION}-output-files.xcfilelist",
			);
			runOnlyForDeploymentPostprocessing = 0;
			shellPath = /bin/sh;
			shellScript = "\"${PODS_ROOT}/Target Support Files/Pods-VisualisingMessages/Pods-VisualisingMessages-resources.sh\"\n";
			showEnvVarsInLog = 0;
		};
		AC19C5BE5FFF43241C27AD0E /* [CP] Check Pods Manifest.lock */ = {
			isa = PBXShellScriptBuildPhase;
			buildActionMask = 2147483647;
			files = (
			);
			inputFileListPaths = (
			);
			inputPaths = (
				"${PODS_PODFILE_DIR_PATH}/Podfile.lock",
				"${PODS_ROOT}/Manifest.lock",
			);
			name = "[CP] Check Pods Manifest.lock";
			outputFileListPaths = (
			);
			outputPaths = (
				"$(DERIVED_FILE_DIR)/Pods-VisualisingMessages-checkManifestLockResult.txt",
			);
			runOnlyForDeploymentPostprocessing = 0;
			shellPath = /bin/sh;
			shellScript = "diff \"${PODS_PODFILE_DIR_PATH}/Podfile.lock\" \"${PODS_ROOT}/Manifest.lock\" > /dev/null\nif [ $? != 0 ] ; then\n    # print error to STDERR\n    echo \"error: The sandbox is not in sync with the Podfile.lock. Run 'pod install' or update your CocoaPods installation.\" >&2\n    exit 1\nfi\n# This output is used by Xcode 'outputs' to avoid re-running this script phase.\necho \"SUCCESS\" > \"${SCRIPT_OUTPUT_FILE_0}\"\n";
			showEnvVarsInLog = 0;
		};
/* End PBXShellScriptBuildPhase section */

/* Begin PBXSourcesBuildPhase section */
		1A120A2322DF1E8500578644 /* Sources */ = {
			isa = PBXSourcesBuildPhase;
			buildActionMask = 2147483647;
			files = (
				1A120A2D22DF1E8500578644 /* HomeViewController.swift in Sources */,
				1A120A2B22DF1E8500578644 /* AppDelegate.swift in Sources */,
				1A96465C22E0BBFE00AE2ED2 /* Messages.swift in Sources */,
				1A96465E22E0BDDC00AE2ED2 /* Message.swift in Sources */,
				1A96465A22E0B33200AE2ED2 /* GetData.swift in Sources */,
				1A96465722E0B07F00AE2ED2 /* Constants.swift in Sources */,
			);
			runOnlyForDeploymentPostprocessing = 0;
		};
/* End PBXSourcesBuildPhase section */

/* Begin PBXVariantGroup section */
		1A120A2E22DF1E8500578644 /* Main.storyboard */ = {
			isa = PBXVariantGroup;
			children = (
				1A120A2F22DF1E8500578644 /* Base */,
			);
			name = Main.storyboard;
			sourceTree = "<group>";
		};
		1A120A3322DF1E8700578644 /* LaunchScreen.storyboard */ = {
			isa = PBXVariantGroup;
			children = (
				1A120A3422DF1E8700578644 /* Base */,
			);
			name = LaunchScreen.storyboard;
			sourceTree = "<group>";
		};
/* End PBXVariantGroup section */

/* Begin XCBuildConfiguration section */
		1A120A3722DF1E8700578644 /* Debug */ = {
			isa = XCBuildConfiguration;
			buildSettings = {
				ALWAYS_SEARCH_USER_PATHS = NO;
				CLANG_ANALYZER_NONNULL = YES;
				CLANG_ANALYZER_NUMBER_OBJECT_CONVERSION = YES_AGGRESSIVE;
				CLANG_CXX_LANGUAGE_STANDARD = "gnu++14";
				CLANG_CXX_LIBRARY = "libc++";
				CLANG_ENABLE_MODULES = YES;
				CLANG_ENABLE_OBJC_ARC = YES;
				CLANG_ENABLE_OBJC_WEAK = YES;
				CLANG_WARN_BLOCK_CAPTURE_AUTORELEASING = YES;
				CLANG_WARN_BOOL_CONVERSION = YES;
				CLANG_WARN_COMMA = YES;
				CLANG_WARN_CONSTANT_CONVERSION = YES;
				CLANG_WARN_DEPRECATED_OBJC_IMPLEMENTATIONS = YES;
				CLANG_WARN_DIRECT_OBJC_ISA_USAGE = YES_ERROR;
				CLANG_WARN_DOCUMENTATION_COMMENTS = YES;
				CLANG_WARN_EMPTY_BODY = YES;
				CLANG_WARN_ENUM_CONVERSION = YES;
				CLANG_WARN_INFINITE_RECURSION = YES;
				CLANG_WARN_INT_CONVERSION = YES;
				CLANG_WARN_NON_LITERAL_NULL_CONVERSION = YES;
				CLANG_WARN_OBJC_IMPLICIT_RETAIN_SELF = YES;
				CLANG_WARN_OBJC_LITERAL_CONVERSION = YES;
				CLANG_WARN_OBJC_ROOT_CLASS = YES_ERROR;
				CLANG_WARN_RANGE_LOOP_ANALYSIS = YES;
				CLANG_WARN_STRICT_PROTOTYPES = YES;
				CLANG_WARN_SUSPICIOUS_MOVE = YES;
				CLANG_WARN_UNGUARDED_AVAILABILITY = YES_AGGRESSIVE;
				CLANG_WARN_UNREACHABLE_CODE = YES;
				CLANG_WARN__DUPLICATE_METHOD_MATCH = YES;
				CODE_SIGN_IDENTITY = "iPhone Developer";
				COPY_PHASE_STRIP = NO;
				DEBUG_INFORMATION_FORMAT = dwarf;
				ENABLE_STRICT_OBJC_MSGSEND = YES;
				ENABLE_TESTABILITY = YES;
				GCC_C_LANGUAGE_STANDARD = gnu11;
				GCC_DYNAMIC_NO_PIC = NO;
				GCC_NO_COMMON_BLOCKS = YES;
				GCC_OPTIMIZATION_LEVEL = 0;
				GCC_PREPROCESSOR_DEFINITIONS = (
					"DEBUG=1",
					"$(inherited)",
				);
				GCC_WARN_64_TO_32_BIT_CONVERSION = YES;
				GCC_WARN_ABOUT_RETURN_TYPE = YES_ERROR;
				GCC_WARN_UNDECLARED_SELECTOR = YES;
				GCC_WARN_UNINITIALIZED_AUTOS = YES_AGGRESSIVE;
				GCC_WARN_UNUSED_FUNCTION = YES;
				GCC_WARN_UNUSED_VARIABLE = YES;
				IPHONEOS_DEPLOYMENT_TARGET = 12.2;
				MTL_ENABLE_DEBUG_INFO = INCLUDE_SOURCE;
				MTL_FAST_MATH = YES;
				ONLY_ACTIVE_ARCH = YES;
				SDKROOT = iphoneos;
				SWIFT_ACTIVE_COMPILATION_CONDITIONS = DEBUG;
				SWIFT_OPTIMIZATION_LEVEL = "-Onone";
			};
			name = Debug;
		};
		1A120A3822DF1E8700578644 /* Release */ = {
			isa = XCBuildConfiguration;
			buildSettings = {
				ALWAYS_SEARCH_USER_PATHS = NO;
				CLANG_ANALYZER_NONNULL = YES;
				CLANG_ANALYZER_NUMBER_OBJECT_CONVERSION = YES_AGGRESSIVE;
				CLANG_CXX_LANGUAGE_STANDARD = "gnu++14";
				CLANG_CXX_LIBRARY = "libc++";
				CLANG_ENABLE_MODULES = YES;
				CLANG_ENABLE_OBJC_ARC = YES;
				CLANG_ENABLE_OBJC_WEAK = YES;
				CLANG_WARN_BLOCK_CAPTURE_AUTORELEASING = YES;
				CLANG_WARN_BOOL_CONVERSION = YES;
				CLANG_WARN_COMMA = YES;
				CLANG_WARN_CONSTANT_CONVERSION = YES;
				CLANG_WARN_DEPRECATED_OBJC_IMPLEMENTATIONS = YES;
				CLANG_WARN_DIRECT_OBJC_ISA_USAGE = YES_ERROR;
				CLANG_WARN_DOCUMENTATION_COMMENTS = YES;
				CLANG_WARN_EMPTY_BODY = YES;
				CLANG_WARN_ENUM_CONVERSION = YES;
				CLANG_WARN_INFINITE_RECURSION = YES;
				CLANG_WARN_INT_CONVERSION = YES;
				CLANG_WARN_NON_LITERAL_NULL_CONVERSION = YES;
				CLANG_WARN_OBJC_IMPLICIT_RETAIN_SELF = YES;
				CLANG_WARN_OBJC_LITERAL_CONVERSION = YES;
				CLANG_WARN_OBJC_ROOT_CLASS = YES_ERROR;
				CLANG_WARN_RANGE_LOOP_ANALYSIS = YES;
				CLANG_WARN_STRICT_PROTOTYPES = YES;
				CLANG_WARN_SUSPICIOUS_MOVE = YES;
				CLANG_WARN_UNGUARDED_AVAILABILITY = YES_AGGRESSIVE;
				CLANG_WARN_UNREACHABLE_CODE = YES;
				CLANG_WARN__DUPLICATE_METHOD_MATCH = YES;
				CODE_SIGN_IDENTITY = "iPhone Developer";
				COPY_PHASE_STRIP = NO;
				DEBUG_INFORMATION_FORMAT = "dwarf-with-dsym";
				ENABLE_NS_ASSERTIONS = NO;
				ENABLE_STRICT_OBJC_MSGSEND = YES;
				GCC_C_LANGUAGE_STANDARD = gnu11;
				GCC_NO_COMMON_BLOCKS = YES;
				GCC_WARN_64_TO_32_BIT_CONVERSION = YES;
				GCC_WARN_ABOUT_RETURN_TYPE = YES_ERROR;
				GCC_WARN_UNDECLARED_SELECTOR = YES;
				GCC_WARN_UNINITIALIZED_AUTOS = YES_AGGRESSIVE;
				GCC_WARN_UNUSED_FUNCTION = YES;
				GCC_WARN_UNUSED_VARIABLE = YES;
				IPHONEOS_DEPLOYMENT_TARGET = 12.2;
				MTL_ENABLE_DEBUG_INFO = NO;
				MTL_FAST_MATH = YES;
				SDKROOT = iphoneos;
				SWIFT_COMPILATION_MODE = wholemodule;
				SWIFT_OPTIMIZATION_LEVEL = "-O";
				VALIDATE_PRODUCT = YES;
			};
			name = Release;
		};
		1A120A3A22DF1E8700578644 /* Debug */ = {
			isa = XCBuildConfiguration;
			baseConfigurationReference = C9F0377D51F944F0A166202E /* Pods-VisualisingMessages.debug.xcconfig */;
			buildSettings = {
				ASSETCATALOG_COMPILER_APPICON_NAME = AppIcon;
				CODE_SIGN_STYLE = Automatic;
				DEVELOPMENT_TEAM = "";
				INFOPLIST_FILE = VisualisingMessages/Info.plist;
				LD_RUNPATH_SEARCH_PATHS = (
					"$(inherited)",
					"@executable_path/Frameworks",
				);
				PRODUCT_BUNDLE_IDENTIFIER = Esraa.VisualisingMessages;
				PRODUCT_NAME = "$(TARGET_NAME)";
				SWIFT_VERSION = 5.0;
				TARGETED_DEVICE_FAMILY = "1,2";
			};
			name = Debug;
		};
		1A120A3B22DF1E8700578644 /* Release */ = {
			isa = XCBuildConfiguration;
			baseConfigurationReference = 64A20CD49F6EFCEDBADF1C90 /* Pods-VisualisingMessages.release.xcconfig */;
			buildSettings = {
				ASSETCATALOG_COMPILER_APPICON_NAME = AppIcon;
				CODE_SIGN_STYLE = Automatic;
				DEVELOPMENT_TEAM = "";
				INFOPLIST_FILE = VisualisingMessages/Info.plist;
				LD_RUNPATH_SEARCH_PATHS = (
					"$(inherited)",
					"@executable_path/Frameworks",
				);
				PRODUCT_BUNDLE_IDENTIFIER = Esraa.VisualisingMessages;
				PRODUCT_NAME = "$(TARGET_NAME)";
				SWIFT_VERSION = 5.0;
				TARGETED_DEVICE_FAMILY = "1,2";
			};
			name = Release;
		};
/* End XCBuildConfiguration section */

/* Begin XCConfigurationList section */
		1A120A2222DF1E8500578644 /* Build configuration list for PBXProject "VisualisingMessages" */ = {
			isa = XCConfigurationList;
			buildConfigurations = (
				1A120A3722DF1E8700578644 /* Debug */,
				1A120A3822DF1E8700578644 /* Release */,
			);
			defaultConfigurationIsVisible = 0;
			defaultConfigurationName = Release;
		};
		1A120A3922DF1E8700578644 /* Build configuration list for PBXNativeTarget "VisualisingMessages" */ = {
			isa = XCConfigurationList;
			buildConfigurations = (
				1A120A3A22DF1E8700578644 /* Debug */,
				1A120A3B22DF1E8700578644 /* Release */,
			);
			defaultConfigurationIsVisible = 0;
			defaultConfigurationName = Release;
		};
/* End XCConfigurationList section */
	};
	rootObject = 1A120A1F22DF1E8500578644 /* Project object */;
}
